
Microsoft Visual Studio Solution File, Format Version 12.00
Project("{FAE04EC0-301F-11D3-BF4B-00C04F79EFBC}") = "CareerEMSI", "CareerEMSI\CareerEMSI.csproj", "{D8B06E43-819D-40DA-9546-4BE63BF6B2B5}"
EndProject
Global
	GlobalSection(SolutionConfigurationPlatforms) = preSolution
		Debug|Any CPU = Debug|Any CPU
		Release|Any CPU = Release|Any CPU
	EndGlobalSection
	GlobalSection(ProjectConfigurationPlatforms) = postSolution
		{D8B06E43-819D-40DA-9546-4BE63BF6B2B5}.Debug|Any CPU.ActiveCfg = Debug|Any CPU
		{D8B06E43-819D-40DA-9546-4BE63BF6B2B5}.Debug|Any CPU.Build.0 = Debug|Any CPU
		{D8B06E43-819D-40DA-9546-4BE63BF6B2B5}.Release|Any CPU.ActiveCfg = Release|Any CPU
		{D8B06E43-819D-40DA-9546-4BE63BF6B2B5}.Release|Any CPU.Build.0 = Release|Any CPU
	EndGlobalSection
EndGlobal
